// !$*UTF8*$!
{
	archiveVersion = 1;
	classes = {
	};
	objectVersion = 48;
	objects = {

/* Begin PBXBuildFile section */
		84D25B2F20A8ED4A00967810 /* AppDelegate.swift in Sources */ = {isa = PBXBuildFile; fileRef = 84D25B2E20A8ED4A00967810 /* AppDelegate.swift */; };
		84D25B3120A8ED4A00967810 /* ViewController.swift in Sources */ = {isa = PBXBuildFile; fileRef = 84D25B3020A8ED4A00967810 /* ViewController.swift */; };
		84D25B3420A8ED4A00967810 /* Main.storyboard in Resources */ = {isa = PBXBuildFile; fileRef = 84D25B3220A8ED4A00967810 /* Main.storyboard */; };
		84D25B3620A8ED4A00967810 /* Assets.xcassets in Resources */ = {isa = PBXBuildFile; fileRef = 84D25B3520A8ED4A00967810 /* Assets.xcassets */; };
		84D25B3920A8ED4A00967810 /* LaunchScreen.storyboard in Resources */ = {isa = PBXBuildFile; fileRef = 84D25B3720A8ED4A00967810 /* LaunchScreen.storyboard */; };
		84D25B4420A8ED4A00967810 /* ChatApp2Tests.swift in Sources */ = {isa = PBXBuildFile; fileRef = 84D25B4320A8ED4A00967810 /* ChatApp2Tests.swift */; };
/* End PBXBuildFile section */

/* Begin PBXContainerItemProxy section */
		84D25B4020A8ED4A00967810 /* PBXContainerItemProxy */ = {
			isa = PBXContainerItemProxy;
			containerPortal = 84D25B2320A8ED4A00967810 /* Project object */;
			proxyType = 1;
			remoteGlobalIDString = 84D25B2A20A8ED4A00967810;
			remoteInfo = ChatApp2;
		};
/* End PBXContainerItemProxy section */

/* Begin PBXFileReference section */
		84D25B2B20A8ED4A00967810 /* ChatApp2.app */ = {isa = PBXFileReference; explicitFileType = wrapper.application; includeInIndex = 0; path = ChatApp2.app; sourceTree = BUILT_PRODUCTS_DIR; };
		84D25B2E20A8ED4A00967810 /* AppDelegate.swift */ = {isa = PBXFileReference; lastKnownFileType = sourcecode.swift; path = AppDelegate.swift; sourceTree = "<group>"; };
		84D25B3020A8ED4A00967810 /* ViewController.swift */ = {isa = PBXFileReference; lastKnownFileType = sourcecode.swift; path = ViewController.swift; sourceTree = "<group>"; };
		84D25B3320A8ED4A00967810 /* Base */ = {isa = PBXFileReference; lastKnownFileType = file.storyboard; name = Base; path = Base.lproj/Main.storyboard; sourceTree = "<group>"; };
		84D25B3520A8ED4A00967810 /* Assets.xcassets */ = {isa = PBXFileReference; lastKnownFileType = folder.assetcatalog; path = Assets.xcassets; sourceTree = "<group>"; };
		84D25B3820A8ED4A00967810 /* Base */ = {isa = PBXFileReference; lastKnownFileType = file.storyboard; name = Base; path = Base.lproj/LaunchScreen.storyboard; sourceTree = "<group>"; };
		84D25B3A20A8ED4A00967810 /* Info.plist */ = {isa = PBXFileReference; lastKnownFileType = text.plist.xml; path = Info.plist; sourceTree = "<group>"; };
		84D25B3F20A8ED4A00967810 /* ChatApp2Tests.xctest */ = {isa = PBXFileReference; explicitFileType = wrapper.cfbundle; includeInIndex = 0; path = ChatApp2Tests.xctest; sourceTree = BUILT_PRODUCTS_DIR; };
		84D25B4320A8ED4A00967810 /* ChatApp2Tests.swift */ = {isa = PBXFileReference; lastKnownFileType = sourcecode.swift; path = ChatApp2Tests.swift; sourceTree = "<group>"; };
		84D25B4520A8ED4A00967810 /* Info.plist */ = {isa = PBXFileReference; lastKnownFileType = text.plist.xml; path = Info.plist; sourceTree = "<group>"; };
/* End PBXFileReference section */

/* Begin PBXFrameworksBuildPhase section */
		84D25B2820A8ED4A00967810 /* Frameworks */ = {
			isa = PBXFrameworksBuildPhase;
			buildActionMask = 2147483647;
			files = (
			);
			runOnlyForDeploymentPostprocessing = 0;
		};
		84D25B3C20A8ED4A00967810 /* Frameworks */ = {
			isa = PBXFrameworksBuildPhase;
			buildActionMask = 2147483647;
			files = (
			);
			runOnlyForDeploymentPostprocessing = 0;
		};
/* End PBXFrameworksBuildPhase section */

/* Begin PBXGroup section */
		84D25B2220A8ED4A00967810 = {
			isa = PBXGroup;
			children = (
				84D25B2D20A8ED4A00967810 /* ChatApp2 */,
				84D25B4220A8ED4A00967810 /* ChatApp2Tests */,
				84D25B2C20A8ED4A00967810 /* Products */,
			);
			sourceTree = "<group>";
		};
		84D25B2C20A8ED4A00967810 /* Products */ = {
			isa = PBXGroup;
			children = (
				84D25B2B20A8ED4A00967810 /* ChatApp2.app */,
				84D25B3F20A8ED4A00967810 /* ChatApp2Tests.xctest */,
			);
			name = Products;
			sourceTree = "<group>";
		};
		84D25B2D20A8ED4A00967810 /* ChatApp2 */ = {
			isa = PBXGroup;
			children = (
				84D25B2E20A8ED4A00967810 /* AppDelegate.swift */,
				84D25B3020A8ED4A00967810 /* ViewController.swift */,
				84D25B3220A8ED4A00967810 /* Main.storyboard */,
				84D25B3520A8ED4A00967810 /* Assets.xcassets */,
				84D25B3720A8ED4A00967810 /* LaunchScreen.storyboard */,
				84D25B3A20A8ED4A00967810 /* Info.plist */,
			);
			path = ChatApp2;
			sourceTree = "<group>";
		};
		84D25B4220A8ED4A00967810 /* ChatApp2Tests */ = {
			isa = PBXGroup;
			children = (
				84D25B4320A8ED4A00967810 /* ChatApp2Tests.swift */,
				84D25B4520A8ED4A00967810 /* Info.plist */,
			);
			path = ChatApp2Tests;
			sourceTree = "<group>";
		};
/* End PBXGroup section */

/* Begin PBXNativeTarget section */
		84D25B2A20A8ED4A00967810 /* ChatApp2 */ = {
			isa = PBXNativeTarget;
			buildConfigurationList = 84D25B4820A8ED4A00967810 /* Build configuration list for PBXNativeTarget "ChatApp2" */;
			buildPhases = (
				84D25B2720A8ED4A00967810 /* Sources */,
				84D25B2820A8ED4A00967810 /* Frameworks */,
				84D25B2920A8ED4A00967810 /* Resources */,
			);
			buildRules = (
			);
			dependencies = (
			);
			name = ChatApp2;
			productName = ChatApp2;
			productReference = 84D25B2B20A8ED4A00967810 /* ChatApp2.app */;
			productType = "com.apple.product-type.application";
		};
		84D25B3E20A8ED4A00967810 /* ChatApp2Tests */ = {
			isa = PBXNativeTarget;
			buildConfigurationList = 84D25B4B20A8ED4A00967810 /* Build configuration list for PBXNativeTarget "ChatApp2Tests" */;
			buildPhases = (
				84D25B3B20A8ED4A00967810 /* Sources */,
				84D25B3C20A8ED4A00967810 /* Frameworks */,
				84D25B3D20A8ED4A00967810 /* Resources */,
			);
			buildRules = (
			);
			dependencies = (
				84D25B4120A8ED4A00967810 /* PBXTargetDependency */,
			);
			name = ChatApp2Tests;
			productName = ChatApp2Tests;
			productReference = 84D25B3F20A8ED4A00967810 /* ChatApp2Tests.xctest */;
			productType = "com.apple.product-type.bundle.unit-test";
		};
/* End PBXNativeTarget section */

/* Begin PBXProject section */
		84D25B2320A8ED4A00967810 /* Project object */ = {
			isa = PBXProject;
			attributes = {
				LastSwiftUpdateCheck = 0920;
				LastUpgradeCheck = 0920;
				ORGANIZATIONNAME = "Christopher Pieri";
				TargetAttributes = {
					84D25B2A20A8ED4A00967810 = {
						CreatedOnToolsVersion = 9.2;
						ProvisioningStyle = Automatic;
					};
					84D25B3E20A8ED4A00967810 = {
						CreatedOnToolsVersion = 9.2;
						ProvisioningStyle = Automatic;
						TestTargetID = 84D25B2A20A8ED4A00967810;
					};
				};
			};
			buildConfigurationList = 84D25B2620A8ED4A00967810 /* Build configuration list for PBXProject "ChatApp2" */;
			compatibilityVersion = "Xcode 8.0";
			developmentRegion = en;
			hasScannedForEncodings = 0;
			knownRegions = (
				en,
				Base,
			);
			mainGroup = 84D25B2220A8ED4A00967810;
			productRefGroup = 84D25B2C20A8ED4A00967810 /* Products */;
			projectDirPath = "";
			projectRoot = "";
			targets = (
				84D25B2A20A8ED4A00967810 /* ChatApp2 */,
				84D25B3E20A8ED4A00967810 /* ChatApp2Tests */,
			);
		};
/* End PBXProject section */

/* Begin PBXResourcesBuildPhase section */
		84D25B2920A8ED4A00967810 /* Resources */ = {
			isa = PBXResourcesBuildPhase;
			buildActionMask = 2147483647;
			files = (
				84D25B3920A8ED4A00967810 /* LaunchScreen.storyboard in Resources */,
				84D25B3620A8ED4A00967810 /* Assets.xcassets in Resources */,
				84D25B3420A8ED4A00967810 /* Main.storyboard in Resources */,
			);
			runOnlyForDeploymentPostprocessing = 0;
		};
		84D25B3D20A8ED4A00967810 /* Resources */ = {
			isa = PBXResourcesBuildPhase;
			buildActionMask = 2147483647;
			files = (
			);
			runOnlyForDeploymentPostprocessing = 0;
		};
/* End PBXResourcesBuildPhase section */

/* Begin PBXSourcesBuildPhase section */
		84D25B2720A8ED4A00967810 /* Sources */ = {
			isa = PBXSourcesBuildPhase;
			buildActionMask = 2147483647;
			files = (
				84D25B3120A8ED4A00967810 /* ViewController.swift in Sources */,
				84D25B2F20A8ED4A00967810 /* AppDelegate.swift in Sources */,
			);
			runOnlyForDeploymentPostprocessing = 0;
		};
		84D25B3B20A8ED4A00967810 /* Sources */ = {
			isa = PBXSourcesBuildPhase;
			buildActionMask = 2147483647;
			files = (
				84D25B4420A8ED4A00967810 /* ChatApp2Tests.swift in Sources */,
			);
			runOnlyForDeploymentPostprocessing = 0;
		};
/* End PBXSourcesBuildPhase section */

/* Begin PBXTargetDependency section */
		84D25B4120A8ED4A00967810 /* PBXTargetDependency */ = {
			isa = PBXTargetDependency;
			target = 84D25B2A20A8ED4A00967810 /* ChatApp2 */;
			targetProxy = 84D25B4020A8ED4A00967810 /* PBXContainerItemProxy */;
		};
/* End PBXTargetDependency section */

/* Begin PBXVariantGroup section */
		84D25B3220A8ED4A00967810 /* Main.storyboard */ = {
			isa = PBXVariantGroup;
			children = (
				84D25B3320A8ED4A00967810 /* Base */,
			);
			name = Main.storyboard;
			sourceTree = "<group>";
		};
		84D25B3720A8ED4A00967810 /* LaunchScreen.storyboard */ = {
			isa = PBXVariantGroup;
			children = (
				84D25B3820A8ED4A00967810 /* Base */,
			);
			name = LaunchScreen.storyboard;
			sourceTree = "<group>";
		};
/* End PBXVariantGroup section */

/* Begin XCBuildConfiguration section */
		84D25B4620A8ED4A00967810 /* Debug */ = {
			isa = XCBuildConfiguration;
			buildSettings = {
				ALWAYS_SEARCH_USER_PATHS = NO;
				CLANG_ANALYZER_NONNULL = YES;
				CLANG_ANALYZER_NUMBER_OBJECT_CONVERSION = YES_AGGRESSIVE;
				CLANG_CXX_LANGUAGE_STANDARD = "gnu++14";
				CLANG_CXX_LIBRARY = "libc++";
				CLANG_ENABLE_MODULES = YES;
				CLANG_ENABLE_OBJC_ARC = YES;
				CLANG_WARN_BLOCK_CAPTURE_AUTORELEASING = YES;
				CLANG_WARN_BOOL_CONVERSION = YES;
				CLANG_WARN_COMMA = YES;
				CLANG_WARN_CONSTANT_CONVERSION = YES;
				CLANG_WARN_DIRECT_OBJC_ISA_USAGE = YES_ERROR;
				CLANG_WARN_DOCUMENTATION_COMMENTS = YES;
				CLANG_WARN_EMPTY_BODY = YES;
				CLANG_WARN_ENUM_CONVERSION = YES;
				CLANG_WARN_INFINITE_RECURSION = YES;
				CLANG_WARN_INT_CONVERSION = YES;
				CLANG_WARN_NON_LITERAL_NULL_CONVERSION = YES;
				CLANG_WARN_OBJC_LITERAL_CONVERSION = YES;
				CLANG_WARN_OBJC_ROOT_CLASS = YES_ERROR;
				CLANG_WARN_RANGE_LOOP_ANALYSIS = YES;
				CLANG_WARN_STRICT_PROTOTYPES = YES;
				CLANG_WARN_SUSPICIOUS_MOVE = YES;
				CLANG_WARN_UNGUARDED_AVAILABILITY = YES_AGGRESSIVE;
				CLANG_WARN_UNREACHABLE_CODE = YES;
				CLANG_WARN__DUPLICATE_METHOD_MATCH = YES;
				CODE_SIGN_IDENTITY = "iPhone Developer";
				COPY_PHASE_STRIP = NO;
				DEBUG_INFORMATION_FORMAT = dwarf;
				ENABLE_STRICT_OBJC_MSGSEND = YES;
				ENABLE_TESTABILITY = YES;
				GCC_C_LANGUAGE_STANDARD = gnu11;
				GCC_DYNAMIC_NO_PIC = NO;
				GCC_NO_COMMON_BLOCKS = YES;
				GCC_OPTIMIZATION_LEVEL = 0;
				GCC_PREPROCESSOR_DEFINITIONS = (
					"DEBUG=1",
					"$(inherited)",
				);
				GCC_WARN_64_TO_32_BIT_CONVERSION = YES;
				GCC_WARN_ABOUT_RETURN_TYPE = YES_ERROR;
				GCC_WARN_UNDECLARED_SELECTOR = YES;
				GCC_WARN_UNINITIALIZED_AUTOS = YES_AGGRESSIVE;
				GCC_WARN_UNUSED_FUNCTION = YES;
				GCC_WARN_UNUSED_VARIABLE = YES;
				IPHONEOS_DEPLOYMENT_TARGET = 11.2;
				MTL_ENABLE_DEBUG_INFO = YES;
				ONLY_ACTIVE_ARCH = YES;
				SDKROOT = iphoneos;
				SWIFT_ACTIVE_COMPILATION_CONDITIONS = DEBUG;
				SWIFT_OPTIMIZATION_LEVEL = "-Onone";
			};
			name = Debug;
		};
		84D25B4720A8ED4A00967810 /* Release */ = {
			isa = XCBuildConfiguration;
			buildSettings = {
				ALWAYS_SEARCH_USER_PATHS = NO;
				CLANG_ANALYZER_NONNULL = YES;
				CLANG_ANALYZER_NUMBER_OBJECT_CONVERSION = YES_AGGRESSIVE;
				CLANG_CXX_LANGUAGE_STANDARD = "gnu++14";
				CLANG_CXX_LIBRARY = "libc++";
				CLANG_ENABLE_MODULES = YES;
				CLANG_ENABLE_OBJC_ARC = YES;
				CLANG_WARN_BLOCK_CAPTURE_AUTORELEASING = YES;
				CLANG_WARN_BOOL_CONVERSION = YES;
				CLANG_WARN_COMMA = YES;
				CLANG_WARN_CONSTANT_CONVERSION = YES;
				CLANG_WARN_DIRECT_OBJC_ISA_USAGE = YES_ERROR;
				CLANG_WARN_DOCUMENTATION_COMMENTS = YES;
				CLANG_WARN_EMPTY_BODY = YES;
				CLANG_WARN_ENUM_CONVERSION = YES;
				CLANG_WARN_INFINITE_RECURSION = YES;
				CLANG_WARN_INT_CONVERSION = YES;
				CLANG_WARN_NON_LITERAL_NULL_CONVERSION = YES;
				CLANG_WARN_OBJC_LITERAL_CONVERSION = YES;
				CLANG_WARN_OBJC_ROOT_CLASS = YES_ERROR;
				CLANG_WARN_RANGE_LOOP_ANALYSIS = YES;
				CLANG_WARN_STRICT_PROTOTYPES = YES;
				CLANG_WARN_SUSPICIOUS_MOVE = YES;
				CLANG_WARN_UNGUARDED_AVAILABILITY = YES_AGGRESSIVE;
				CLANG_WARN_UNREACHABLE_CODE = YES;
				CLANG_WARN__DUPLICATE_METHOD_MATCH = YES;
				CODE_SIGN_IDENTITY = "iPhone Developer";
				COPY_PHASE_STRIP = NO;
				DEBUG_INFORMATION_FORMAT = "dwarf-with-dsym";
				ENABLE_NS_ASSERTIONS = NO;
				ENABLE_STRICT_OBJC_MSGSEND = YES;
				GCC_C_LANGUAGE_STANDARD = gnu11;
				GCC_NO_COMMON_BLOCKS = YES;
				GCC_WARN_64_TO_32_BIT_CONVERSION = YES;
				GCC_WARN_ABOUT_RETURN_TYPE = YES_ERROR;
				GCC_WARN_UNDECLARED_SELECTOR = YES;
				GCC_WARN_UNINITIALIZED_AUTOS = YES_AGGRESSIVE;
				GCC_WARN_UNUSED_FUNCTION = YES;
				GCC_WARN_UNUSED_VARIABLE = YES;
				IPHONEOS_DEPLOYMENT_TARGET = 11.2;
				MTL_ENABLE_DEBUG_INFO = NO;
				SDKROOT = iphoneos;
				SWIFT_OPTIMIZATION_LEVEL = "-Owholemodule";
				VALIDATE_PRODUCT = YES;
			};
			name = Release;
		};
		84D25B4920A8ED4A00967810 /* Debug */ = {
			isa = XCBuildConfiguration;
			buildSettings = {
				ASSETCATALOG_COMPILER_APPICON_NAME = AppIcon;
				CODE_SIGN_STYLE = Automatic;
				INFOPLIST_FILE = ChatApp2/Info.plist;
				LD_RUNPATH_SEARCH_PATHS = "$(inherited) @executable_path/Frameworks";
				PRODUCT_BUNDLE_IDENTIFIER = test.ChatApp2;
				PRODUCT_NAME = "$(TARGET_NAME)";
				SWIFT_VERSION = 4.0;
				TARGETED_DEVICE_FAMILY = "1,2";
			};
			name = Debug;
		};
		84D25B4A20A8ED4A00967810 /* Release */ = {
			isa = XCBuildConfiguration;
			buildSettings = {
				ASSETCATALOG_COMPILER_APPICON_NAME = AppIcon;
				CODE_SIGN_STYLE = Automatic;
				INFOPLIST_FILE = ChatApp2/Info.plist;
				LD_RUNPATH_SEARCH_PATHS = "$(inherited) @executable_path/Frameworks";
				PRODUCT_BUNDLE_IDENTIFIER = test.ChatApp2;
				PRODUCT_NAME = "$(TARGET_NAME)";
				SWIFT_VERSION = 4.0;
				TARGETED_DEVICE_FAMILY = "1,2";
			};
			name = Release;
		};
		84D25B4C20A8ED4A00967810 /* Debug */ = {
			isa = XCBuildConfiguration;
			buildSettings = {
				ALWAYS_EMBED_SWIFT_STANDARD_LIBRARIES = YES;
				BUNDLE_LOADER = "$(TEST_HOST)";
				CODE_SIGN_STYLE = Automatic;
				INFOPLIST_FILE = ChatApp2Tests/Info.plist;
				LD_RUNPATH_SEARCH_PATHS = "$(inherited) @executable_path/Frameworks @loader_path/Frameworks";
				PRODUCT_BUNDLE_IDENTIFIER = test.ChatApp2Tests;
				PRODUCT_NAME = "$(TARGET_NAME)";
				SWIFT_VERSION = 4.0;
				TARGETED_DEVICE_FAMILY = "1,2";
				TEST_HOST = "$(BUILT_PRODUCTS_DIR)/ChatApp2.app/ChatApp2";
			};
			name = Debug;
		};
		84D25B4D20A8ED4A00967810 /* Release */ = {
			isa = XCBuildConfiguration;
			buildSettings = {
				ALWAYS_EMBED_SWIFT_STANDARD_LIBRARIES = YES;
				BUNDLE_LOADER = "$(TEST_HOST)";
				CODE_SIGN_STYLE = Automatic;
				INFOPLIST_FILE = ChatApp2Tests/Info.plist;
				LD_RUNPATH_SEARCH_PATHS = "$(inherited) @executable_path/Frameworks @loader_path/Frameworks";
				PRODUCT_BUNDLE_IDENTIFIER = test.ChatApp2Tests;
				PRODUCT_NAME = "$(TARGET_NAME)";
				SWIFT_VERSION = 4.0;
				TARGETED_DEVICE_FAMILY = "1,2";
				TEST_HOST = "$(BUILT_PRODUCTS_DIR)/ChatApp2.app/ChatApp2";
			};
			name = Release;
		};
/* End XCBuildConfiguration section */

/* Begin XCConfigurationList section */
		84D25B2620A8ED4A00967810 /* Build configuration list for PBXProject "ChatApp2" */ = {
			isa = XCConfigurationList;
			buildConfigurations = (
				84D25B4620A8ED4A00967810 /* Debug */,
				84D25B4720A8ED4A00967810 /* Release */,
			);
			defaultConfigurationIsVisible = 0;
			defaultConfigurationName = Release;
		};
		84D25B4820A8ED4A00967810 /* Build configuration list for PBXNativeTarget "ChatApp2" */ = {
			isa = XCConfigurationList;
			buildConfigurations = (
				84D25B4920A8ED4A00967810 /* Debug */,
				84D25B4A20A8ED4A00967810 /* Release */,
			);
			defaultConfigurationIsVisible = 0;
			defaultConfigurationName = Release;
		};
		84D25B4B20A8ED4A00967810 /* Build configuration list for PBXNativeTarget "ChatApp2Tests" */ = {
			isa = XCConfigurationList;
			buildConfigurations = (
				84D25B4C20A8ED4A00967810 /* Debug */,
				84D25B4D20A8ED4A00967810 /* Release */,
			);
			defaultConfigurationIsVisible = 0;
			defaultConfigurationName = Release;
		};
/* End XCConfigurationList section */
	};
	rootObject = 84D25B2320A8ED4A00967810 /* Project object */;
}
